// !$*UTF8*$!
{
	archiveVersion = 1;
	classes = {
	};
	objectVersion = 48;
	objects = {

/* Begin PBXBuildFile section */
		751A1473206D38420045B5D6 /* GrayscaleFilter.swift in Sources */ = {isa = PBXBuildFile; fileRef = 751A1472206D38420045B5D6 /* GrayscaleFilter.swift */; };
		751A1474206D38420045B5D6 /* GrayscaleFilter.swift in Sources */ = {isa = PBXBuildFile; fileRef = 751A1472206D38420045B5D6 /* GrayscaleFilter.swift */; };
		751A1476206D38620045B5D6 /* PassthroughFilter.swift in Sources */ = {isa = PBXBuildFile; fileRef = 751A1475206D38620045B5D6 /* PassthroughFilter.swift */; };
		751A1477206D38620045B5D6 /* PassthroughFilter.swift in Sources */ = {isa = PBXBuildFile; fileRef = 751A1475206D38620045B5D6 /* PassthroughFilter.swift */; };
		751A147B206E29860045B5D6 /* SepiaFilter.swift in Sources */ = {isa = PBXBuildFile; fileRef = 751A147A206E29860045B5D6 /* SepiaFilter.swift */; };
		751A147C206E29860045B5D6 /* SepiaFilter.swift in Sources */ = {isa = PBXBuildFile; fileRef = 751A147A206E29860045B5D6 /* SepiaFilter.swift */; };
		752B1CCB201E4B4C00FBDA98 /* MetalImage.framework in Frameworks */ = {isa = PBXBuildFile; fileRef = 752B1CC1201E4B4C00FBDA98 /* MetalImage.framework */; };
		752B1CD0201E4B4C00FBDA98 /* MetalImageTests.swift in Sources */ = {isa = PBXBuildFile; fileRef = 752B1CCF201E4B4C00FBDA98 /* MetalImageTests.swift */; };
		752B1D02201E4CFA00FBDA98 /* BaseFilter.swift in Sources */ = {isa = PBXBuildFile; fileRef = 752B1CF7201E4CF900FBDA98 /* BaseFilter.swift */; };
		752B1D03201E4CFA00FBDA98 /* BaseFilter.swift in Sources */ = {isa = PBXBuildFile; fileRef = 752B1CF7201E4CF900FBDA98 /* BaseFilter.swift */; };
		752B1D04201E4CFA00FBDA98 /* Log.swift in Sources */ = {isa = PBXBuildFile; fileRef = 752B1CF8201E4CF900FBDA98 /* Log.swift */; };
		752B1D05201E4CFA00FBDA98 /* Log.swift in Sources */ = {isa = PBXBuildFile; fileRef = 752B1CF8201E4CF900FBDA98 /* Log.swift */; };
		752B1D06201E4CFA00FBDA98 /* MovieInput.swift in Sources */ = {isa = PBXBuildFile; fileRef = 752B1CF9201E4CF900FBDA98 /* MovieInput.swift */; };
		752B1D07201E4CFA00FBDA98 /* MovieInput.swift in Sources */ = {isa = PBXBuildFile; fileRef = 752B1CF9201E4CF900FBDA98 /* MovieInput.swift */; };
		752B1D08201E4CFA00FBDA98 /* Protocols.swift in Sources */ = {isa = PBXBuildFile; fileRef = 752B1CFA201E4CFA00FBDA98 /* Protocols.swift */; };
		752B1D09201E4CFA00FBDA98 /* Protocols.swift in Sources */ = {isa = PBXBuildFile; fileRef = 752B1CFA201E4CFA00FBDA98 /* Protocols.swift */; };
		752B1D0A201E4CFA00FBDA98 /* MetalContext.swift in Sources */ = {isa = PBXBuildFile; fileRef = 752B1CFB201E4CFA00FBDA98 /* MetalContext.swift */; };
		752B1D0B201E4CFA00FBDA98 /* MetalContext.swift in Sources */ = {isa = PBXBuildFile; fileRef = 752B1CFB201E4CFA00FBDA98 /* MetalContext.swift */; };
		752B1D0C201E4CFA00FBDA98 /* MovieOutput.swift in Sources */ = {isa = PBXBuildFile; fileRef = 752B1CFC201E4CFA00FBDA98 /* MovieOutput.swift */; };
		752B1D0D201E4CFA00FBDA98 /* MovieOutput.swift in Sources */ = {isa = PBXBuildFile; fileRef = 752B1CFC201E4CFA00FBDA98 /* MovieOutput.swift */; };
		752B1D0E201E4CFA00FBDA98 /* RenderView.swift in Sources */ = {isa = PBXBuildFile; fileRef = 752B1CFD201E4CFA00FBDA98 /* RenderView.swift */; };
		752B1D0F201E4CFA00FBDA98 /* RenderView.swift in Sources */ = {isa = PBXBuildFile; fileRef = 752B1CFD201E4CFA00FBDA98 /* RenderView.swift */; };
		752B1D12201E4CFA00FBDA98 /* AudioPlayer.swift in Sources */ = {isa = PBXBuildFile; fileRef = 752B1CFF201E4CFA00FBDA98 /* AudioPlayer.swift */; };
		752B1D13201E4CFA00FBDA98 /* AudioPlayer.swift in Sources */ = {isa = PBXBuildFile; fileRef = 752B1CFF201E4CFA00FBDA98 /* AudioPlayer.swift */; };
		752B1D14201E4CFA00FBDA98 /* Camera.swift in Sources */ = {isa = PBXBuildFile; fileRef = 752B1D00201E4CFA00FBDA98 /* Camera.swift */; };
		752B1D15201E4CFA00FBDA98 /* Camera.swift in Sources */ = {isa = PBXBuildFile; fileRef = 752B1D00201E4CFA00FBDA98 /* Camera.swift */; };
		752B1D16201E4CFA00FBDA98 /* Image.swift in Sources */ = {isa = PBXBuildFile; fileRef = 752B1D01201E4CFA00FBDA98 /* Image.swift */; };
		752B1D17201E4CFA00FBDA98 /* Image.swift in Sources */ = {isa = PBXBuildFile; fileRef = 752B1D01201E4CFA00FBDA98 /* Image.swift */; };
		752B1D19201E504B00FBDA98 /* AtomicQueue.swift in Sources */ = {isa = PBXBuildFile; fileRef = 752B1D18201E504B00FBDA98 /* AtomicQueue.swift */; };
		752B1D1A201E504B00FBDA98 /* AtomicQueue.swift in Sources */ = {isa = PBXBuildFile; fileRef = 752B1D18201E504B00FBDA98 /* AtomicQueue.swift */; };
		752B1D1B201E555800FBDA98 /* DisplayShaders.metal in Sources */ = {isa = PBXBuildFile; fileRef = 752B1CFE201E4CFA00FBDA98 /* DisplayShaders.metal */; };
		752B1D1C201E555900FBDA98 /* DisplayShaders.metal in Sources */ = {isa = PBXBuildFile; fileRef = 752B1CFE201E4CFA00FBDA98 /* DisplayShaders.metal */; };
		752B1DD1201E72BB00FBDA98 /* DisplayShaders.metal in CopyFiles */ = {isa = PBXBuildFile; fileRef = 752B1CFE201E4CFA00FBDA98 /* DisplayShaders.metal */; };
		752B1DD3201E72C600FBDA98 /* DisplayShaders.metal in CopyFiles */ = {isa = PBXBuildFile; fileRef = 752B1CFE201E4CFA00FBDA98 /* DisplayShaders.metal */; };
		7552F65C20211840008A0300 /* Static.swift in Sources */ = {isa = PBXBuildFile; fileRef = 7552F65B20211840008A0300 /* Static.swift */; };
		7552F65D20211840008A0300 /* Static.swift in Sources */ = {isa = PBXBuildFile; fileRef = 7552F65B20211840008A0300 /* Static.swift */; };
		75EF9C51206CC41E00CC0EE0 /* DisplayLink.swift in Sources */ = {isa = PBXBuildFile; fileRef = 75EF9C50206CC41E00CC0EE0 /* DisplayLink.swift */; };
		75EF9C52206CC41E00CC0EE0 /* DisplayLink.swift in Sources */ = {isa = PBXBuildFile; fileRef = 75EF9C50206CC41E00CC0EE0 /* DisplayLink.swift */; };
/* End PBXBuildFile section */

/* Begin PBXContainerItemProxy section */
		752B1CCC201E4B4C00FBDA98 /* PBXContainerItemProxy */ = {
			isa = PBXContainerItemProxy;
			containerPortal = 752B1CB8201E4B4C00FBDA98 /* Project object */;
			proxyType = 1;
			remoteGlobalIDString = 752B1CC0201E4B4C00FBDA98;
			remoteInfo = MetalImage;
		};
/* End PBXContainerItemProxy section */

/* Begin PBXCopyFilesBuildPhase section */
		752B1DD0201E72B000FBDA98 /* CopyFiles */ = {
			isa = PBXCopyFilesBuildPhase;
			buildActionMask = 2147483647;
			dstPath = "";
			dstSubfolderSpec = 16;
			files = (
				752B1DD1201E72BB00FBDA98 /* DisplayShaders.metal in CopyFiles */,
			);
			runOnlyForDeploymentPostprocessing = 0;
		};
		752B1DD2201E72C000FBDA98 /* CopyFiles */ = {
			isa = PBXCopyFilesBuildPhase;
			buildActionMask = 2147483647;
			dstPath = "";
			dstSubfolderSpec = 16;
			files = (
				752B1DD3201E72C600FBDA98 /* DisplayShaders.metal in CopyFiles */,
			);
			runOnlyForDeploymentPostprocessing = 0;
		};
/* End PBXCopyFilesBuildPhase section */

/* Begin PBXFileReference section */
		751A1472206D38420045B5D6 /* GrayscaleFilter.swift */ = {isa = PBXFileReference; lastKnownFileType = sourcecode.swift; path = GrayscaleFilter.swift; sourceTree = "<group>"; };
		751A1475206D38620045B5D6 /* PassthroughFilter.swift */ = {isa = PBXFileReference; lastKnownFileType = sourcecode.swift; path = PassthroughFilter.swift; sourceTree = "<group>"; };
		751A147A206E29860045B5D6 /* SepiaFilter.swift */ = {isa = PBXFileReference; lastKnownFileType = sourcecode.swift; path = SepiaFilter.swift; sourceTree = "<group>"; };
		752B1CC1201E4B4C00FBDA98 /* MetalImage.framework */ = {isa = PBXFileReference; explicitFileType = wrapper.framework; includeInIndex = 0; path = MetalImage.framework; sourceTree = BUILT_PRODUCTS_DIR; };
		752B1CC5201E4B4C00FBDA98 /* Info.plist */ = {isa = PBXFileReference; lastKnownFileType = text.plist.xml; path = Info.plist; sourceTree = "<group>"; };
		752B1CCA201E4B4C00FBDA98 /* MetalImageTests_macOS.xctest */ = {isa = PBXFileReference; explicitFileType = wrapper.cfbundle; includeInIndex = 0; path = MetalImageTests_macOS.xctest; sourceTree = BUILT_PRODUCTS_DIR; };
		752B1CCF201E4B4C00FBDA98 /* MetalImageTests.swift */ = {isa = PBXFileReference; lastKnownFileType = sourcecode.swift; path = MetalImageTests.swift; sourceTree = "<group>"; };
		752B1CD1201E4B4D00FBDA98 /* Info.plist */ = {isa = PBXFileReference; lastKnownFileType = text.plist.xml; path = Info.plist; sourceTree = "<group>"; };
		752B1CE0201E4B6500FBDA98 /* MetalImage.framework */ = {isa = PBXFileReference; explicitFileType = wrapper.framework; includeInIndex = 0; path = MetalImage.framework; sourceTree = BUILT_PRODUCTS_DIR; };
		752B1CF7201E4CF900FBDA98 /* BaseFilter.swift */ = {isa = PBXFileReference; fileEncoding = 4; lastKnownFileType = sourcecode.swift; path = BaseFilter.swift; sourceTree = "<group>"; };
		752B1CF8201E4CF900FBDA98 /* Log.swift */ = {isa = PBXFileReference; fileEncoding = 4; lastKnownFileType = sourcecode.swift; path = Log.swift; sourceTree = "<group>"; };
		752B1CF9201E4CF900FBDA98 /* MovieInput.swift */ = {isa = PBXFileReference; fileEncoding = 4; lastKnownFileType = sourcecode.swift; path = MovieInput.swift; sourceTree = "<group>"; };
		752B1CFA201E4CFA00FBDA98 /* Protocols.swift */ = {isa = PBXFileReference; fileEncoding = 4; lastKnownFileType = sourcecode.swift; path = Protocols.swift; sourceTree = "<group>"; };
		752B1CFB201E4CFA00FBDA98 /* MetalContext.swift */ = {isa = PBXFileReference; fileEncoding = 4; lastKnownFileType = sourcecode.swift; path = MetalContext.swift; sourceTree = "<group>"; };
		752B1CFC201E4CFA00FBDA98 /* MovieOutput.swift */ = {isa = PBXFileReference; fileEncoding = 4; lastKnownFileType = sourcecode.swift; path = MovieOutput.swift; sourceTree = "<group>"; };
		752B1CFD201E4CFA00FBDA98 /* RenderView.swift */ = {isa = PBXFileReference; fileEncoding = 4; lastKnownFileType = sourcecode.swift; path = RenderView.swift; sourceTree = "<group>"; };
		752B1CFE201E4CFA00FBDA98 /* DisplayShaders.metal */ = {isa = PBXFileReference; fileEncoding = 4; lastKnownFileType = sourcecode.metal; path = DisplayShaders.metal; sourceTree = "<group>"; };
		752B1CFF201E4CFA00FBDA98 /* AudioPlayer.swift */ = {isa = PBXFileReference; fileEncoding = 4; lastKnownFileType = sourcecode.swift; path = AudioPlayer.swift; sourceTree = "<group>"; };
		752B1D00201E4CFA00FBDA98 /* Camera.swift */ = {isa = PBXFileReference; fileEncoding = 4; lastKnownFileType = sourcecode.swift; path = Camera.swift; sourceTree = "<group>"; };
		752B1D01201E4CFA00FBDA98 /* Image.swift */ = {isa = PBXFileReference; fileEncoding = 4; lastKnownFileType = sourcecode.swift; path = Image.swift; sourceTree = "<group>"; };
		752B1D18201E504B00FBDA98 /* AtomicQueue.swift */ = {isa = PBXFileReference; fileEncoding = 4; lastKnownFileType = sourcecode.swift; path = AtomicQueue.swift; sourceTree = "<group>"; };
		7552F65B20211840008A0300 /* Static.swift */ = {isa = PBXFileReference; lastKnownFileType = sourcecode.swift; path = Static.swift; sourceTree = "<group>"; };
		75EF9C50206CC41E00CC0EE0 /* DisplayLink.swift */ = {isa = PBXFileReference; lastKnownFileType = sourcecode.swift; path = DisplayLink.swift; sourceTree = "<group>"; };
/* End PBXFileReference section */

/* Begin PBXFrameworksBuildPhase section */
		752B1CBD201E4B4C00FBDA98 /* Frameworks */ = {
			isa = PBXFrameworksBuildPhase;
			buildActionMask = 2147483647;
			files = (
			);
			runOnlyForDeploymentPostprocessing = 0;
		};
		752B1CC7201E4B4C00FBDA98 /* Frameworks */ = {
			isa = PBXFrameworksBuildPhase;
			buildActionMask = 2147483647;
			files = (
				752B1CCB201E4B4C00FBDA98 /* MetalImage.framework in Frameworks */,
			);
			runOnlyForDeploymentPostprocessing = 0;
		};
		752B1CDC201E4B6500FBDA98 /* Frameworks */ = {
			isa = PBXFrameworksBuildPhase;
			buildActionMask = 2147483647;
			files = (
			);
			runOnlyForDeploymentPostprocessing = 0;
		};
/* End PBXFrameworksBuildPhase section */

/* Begin PBXGroup section */
		752B1CB7201E4B4C00FBDA98 = {
			isa = PBXGroup;
			children = (
				752B1CC3201E4B4C00FBDA98 /* MetalImage */,
				752B1CCE201E4B4C00FBDA98 /* MetalImageTests */,
				752B1CC2201E4B4C00FBDA98 /* Products */,
			);
			sourceTree = "<group>";
		};
		752B1CC2201E4B4C00FBDA98 /* Products */ = {
			isa = PBXGroup;
			children = (
				752B1CC1201E4B4C00FBDA98 /* MetalImage.framework */,
				752B1CCA201E4B4C00FBDA98 /* MetalImageTests_macOS.xctest */,
				752B1CE0201E4B6500FBDA98 /* MetalImage.framework */,
			);
			name = Products;
			sourceTree = "<group>";
		};
		752B1CC3201E4B4C00FBDA98 /* MetalImage */ = {
			isa = PBXGroup;
			children = (
				75EF9C4F206CC3EE00CC0EE0 /* Unused */,
				75EF9C4E206CC3C900CC0EE0 /* Utilities */,
				75EF9C4D206CC3C100CC0EE0 /* Filters */,
				752B1CFA201E4CFA00FBDA98 /* Protocols.swift */,
				752B1CFB201E4CFA00FBDA98 /* MetalContext.swift */,
				752B1D00201E4CFA00FBDA98 /* Camera.swift */,
				752B1D01201E4CFA00FBDA98 /* Image.swift */,
				752B1CF9201E4CF900FBDA98 /* MovieInput.swift */,
				752B1CFC201E4CFA00FBDA98 /* MovieOutput.swift */,
				752B1CFD201E4CFA00FBDA98 /* RenderView.swift */,
				752B1CFE201E4CFA00FBDA98 /* DisplayShaders.metal */,
				752B1CC5201E4B4C00FBDA98 /* Info.plist */,
			);
			path = MetalImage;
			sourceTree = "<group>";
		};
		752B1CCE201E4B4C00FBDA98 /* MetalImageTests */ = {
			isa = PBXGroup;
			children = (
				752B1CCF201E4B4C00FBDA98 /* MetalImageTests.swift */,
				752B1CD1201E4B4D00FBDA98 /* Info.plist */,
			);
			path = MetalImageTests;
			sourceTree = "<group>";
		};
		75EF9C4D206CC3C100CC0EE0 /* Filters */ = {
			isa = PBXGroup;
			children = (
				752B1CF7201E4CF900FBDA98 /* BaseFilter.swift */,
				751A1472206D38420045B5D6 /* GrayscaleFilter.swift */,
				751A1475206D38620045B5D6 /* PassthroughFilter.swift */,
				751A147A206E29860045B5D6 /* SepiaFilter.swift */,
			);
			path = Filters;
			sourceTree = "<group>";
		};
		75EF9C4E206CC3C900CC0EE0 /* Utilities */ = {
			isa = PBXGroup;
			children = (
				752B1CF8201E4CF900FBDA98 /* Log.swift */,
				7552F65B20211840008A0300 /* Static.swift */,
				752B1D18201E504B00FBDA98 /* AtomicQueue.swift */,
				75EF9C50206CC41E00CC0EE0 /* DisplayLink.swift */,
			);
			path = Utilities;
			sourceTree = "<group>";
		};
		75EF9C4F206CC3EE00CC0EE0 /* Unused */ = {
			isa = PBXGroup;
			children = (
				752B1CFF201E4CFA00FBDA98 /* AudioPlayer.swift */,
			);
			path = Unused;
			sourceTree = "<group>";
		};
/* End PBXGroup section */

/* Begin PBXHeadersBuildPhase section */
		752B1CBE201E4B4C00FBDA98 /* Headers */ = {
			isa = PBXHeadersBuildPhase;
			buildActionMask = 2147483647;
			files = (
			);
			runOnlyForDeploymentPostprocessing = 0;
		};
		752B1CDD201E4B6500FBDA98 /* Headers */ = {
			isa = PBXHeadersBuildPhase;
			buildActionMask = 2147483647;
			files = (
			);
			runOnlyForDeploymentPostprocessing = 0;
		};
/* End PBXHeadersBuildPhase section */

/* Begin PBXNativeTarget section */
		752B1CC0201E4B4C00FBDA98 /* MetalImage_macOS */ = {
			isa = PBXNativeTarget;
			buildConfigurationList = 752B1CD5201E4B4D00FBDA98 /* Build configuration list for PBXNativeTarget "MetalImage_macOS" */;
			buildPhases = (
				752B1CBC201E4B4C00FBDA98 /* Sources */,
				752B1CBD201E4B4C00FBDA98 /* Frameworks */,
				752B1CBE201E4B4C00FBDA98 /* Headers */,
				752B1CBF201E4B4C00FBDA98 /* Resources */,
				752B1DD0201E72B000FBDA98 /* CopyFiles */,
			);
			buildRules = (
			);
			dependencies = (
			);
			name = MetalImage_macOS;
			productName = MetalImage;
			productReference = 752B1CC1201E4B4C00FBDA98 /* MetalImage.framework */;
			productType = "com.apple.product-type.framework";
		};
		752B1CC9201E4B4C00FBDA98 /* MetalImageTests_macOS */ = {
			isa = PBXNativeTarget;
			buildConfigurationList = 752B1CD8201E4B4D00FBDA98 /* Build configuration list for PBXNativeTarget "MetalImageTests_macOS" */;
			buildPhases = (
				752B1CC6201E4B4C00FBDA98 /* Sources */,
				752B1CC7201E4B4C00FBDA98 /* Frameworks */,
				752B1CC8201E4B4C00FBDA98 /* Resources */,
			);
			buildRules = (
			);
			dependencies = (
				752B1CCD201E4B4C00FBDA98 /* PBXTargetDependency */,
			);
			name = MetalImageTests_macOS;
			productName = MetalImageTests;
			productReference = 752B1CCA201E4B4C00FBDA98 /* MetalImageTests_macOS.xctest */;
			productType = "com.apple.product-type.bundle.unit-test";
		};
		752B1CDF201E4B6500FBDA98 /* MetalImage_iOS */ = {
			isa = PBXNativeTarget;
			buildConfigurationList = 752B1CF1201E4B6600FBDA98 /* Build configuration list for PBXNativeTarget "MetalImage_iOS" */;
			buildPhases = (
				752B1CDB201E4B6500FBDA98 /* Sources */,
				752B1CDC201E4B6500FBDA98 /* Frameworks */,
				752B1CDD201E4B6500FBDA98 /* Headers */,
				752B1CDE201E4B6500FBDA98 /* Resources */,
				752B1DD2201E72C000FBDA98 /* CopyFiles */,
			);
			buildRules = (
			);
			dependencies = (
			);
			name = MetalImage_iOS;
			productName = MetalImage_iOS;
			productReference = 752B1CE0201E4B6500FBDA98 /* MetalImage.framework */;
			productType = "com.apple.product-type.framework";
		};
/* End PBXNativeTarget section */

/* Begin PBXProject section */
		752B1CB8201E4B4C00FBDA98 /* Project object */ = {
			isa = PBXProject;
			attributes = {
				LastSwiftUpdateCheck = 0920;
				LastUpgradeCheck = 0920;
				ORGANIZATIONNAME = "Andrei-Sergiu Pițiș";
				TargetAttributes = {
					752B1CC0201E4B4C00FBDA98 = {
						CreatedOnToolsVersion = 9.2;
						LastSwiftMigration = 0920;
						ProvisioningStyle = Automatic;
					};
					752B1CC9201E4B4C00FBDA98 = {
						CreatedOnToolsVersion = 9.2;
						ProvisioningStyle = Automatic;
					};
					752B1CDF201E4B6500FBDA98 = {
						CreatedOnToolsVersion = 9.2;
						LastSwiftMigration = 0920;
						ProvisioningStyle = Automatic;
					};
				};
			};
			buildConfigurationList = 752B1CBB201E4B4C00FBDA98 /* Build configuration list for PBXProject "MetalImage" */;
			compatibilityVersion = "Xcode 8.0";
			developmentRegion = en;
			hasScannedForEncodings = 0;
			knownRegions = (
				en,
			);
			mainGroup = 752B1CB7201E4B4C00FBDA98;
			productRefGroup = 752B1CC2201E4B4C00FBDA98 /* Products */;
			projectDirPath = "";
			projectRoot = "";
			targets = (
				752B1CC0201E4B4C00FBDA98 /* MetalImage_macOS */,
				752B1CC9201E4B4C00FBDA98 /* MetalImageTests_macOS */,
				752B1CDF201E4B6500FBDA98 /* MetalImage_iOS */,
			);
		};
/* End PBXProject section */

/* Begin PBXResourcesBuildPhase section */
		752B1CBF201E4B4C00FBDA98 /* Resources */ = {
			isa = PBXResourcesBuildPhase;
			buildActionMask = 2147483647;
			files = (
			);
			runOnlyForDeploymentPostprocessing = 0;
		};
		752B1CC8201E4B4C00FBDA98 /* Resources */ = {
			isa = PBXResourcesBuildPhase;
			buildActionMask = 2147483647;
			files = (
			);
			runOnlyForDeploymentPostprocessing = 0;
		};
		752B1CDE201E4B6500FBDA98 /* Resources */ = {
			isa = PBXResourcesBuildPhase;
			buildActionMask = 2147483647;
			files = (
			);
			runOnlyForDeploymentPostprocessing = 0;
		};
/* End PBXResourcesBuildPhase section */

/* Begin PBXSourcesBuildPhase section */
		752B1CBC201E4B4C00FBDA98 /* Sources */ = {
			isa = PBXSourcesBuildPhase;
			buildActionMask = 2147483647;
			files = (
				751A1476206D38620045B5D6 /* PassthroughFilter.swift in Sources */,
				752B1D04201E4CFA00FBDA98 /* Log.swift in Sources */,
				752B1D1C201E555900FBDA98 /* DisplayShaders.metal in Sources */,
				752B1D06201E4CFA00FBDA98 /* MovieInput.swift in Sources */,
				7552F65C20211840008A0300 /* Static.swift in Sources */,
				752B1D19201E504B00FBDA98 /* AtomicQueue.swift in Sources */,
				752B1D12201E4CFA00FBDA98 /* AudioPlayer.swift in Sources */,
				751A147B206E29860045B5D6 /* SepiaFilter.swift in Sources */,
				752B1D0A201E4CFA00FBDA98 /* MetalContext.swift in Sources */,
				752B1D0C201E4CFA00FBDA98 /* MovieOutput.swift in Sources */,
				75EF9C51206CC41E00CC0EE0 /* DisplayLink.swift in Sources */,
				752B1D02201E4CFA00FBDA98 /* BaseFilter.swift in Sources */,
				752B1D14201E4CFA00FBDA98 /* Camera.swift in Sources */,
				752B1D0E201E4CFA00FBDA98 /* RenderView.swift in Sources */,
				752B1D16201E4CFA00FBDA98 /* Image.swift in Sources */,
				751A1473206D38420045B5D6 /* GrayscaleFilter.swift in Sources */,
				752B1D08201E4CFA00FBDA98 /* Protocols.swift in Sources */,
			);
			runOnlyForDeploymentPostprocessing = 0;
		};
		752B1CC6201E4B4C00FBDA98 /* Sources */ = {
			isa = PBXSourcesBuildPhase;
			buildActionMask = 2147483647;
			files = (
				752B1CD0201E4B4C00FBDA98 /* MetalImageTests.swift in Sources */,
			);
			runOnlyForDeploymentPostprocessing = 0;
		};
		752B1CDB201E4B6500FBDA98 /* Sources */ = {
			isa = PBXSourcesBuildPhase;
			buildActionMask = 2147483647;
			files = (
				751A1477206D38620045B5D6 /* PassthroughFilter.swift in Sources */,
				752B1D05201E4CFA00FBDA98 /* Log.swift in Sources */,
				752B1D1B201E555800FBDA98 /* DisplayShaders.metal in Sources */,
				752B1D07201E4CFA00FBDA98 /* MovieInput.swift in Sources */,
				7552F65D20211840008A0300 /* Static.swift in Sources */,
				752B1D1A201E504B00FBDA98 /* AtomicQueue.swift in Sources */,
				752B1D13201E4CFA00FBDA98 /* AudioPlayer.swift in Sources */,
				751A147C206E29860045B5D6 /* SepiaFilter.swift in Sources */,
				752B1D0B201E4CFA00FBDA98 /* MetalContext.swift in Sources */,
				752B1D0D201E4CFA00FBDA98 /* MovieOutput.swift in Sources */,
				75EF9C52206CC41E00CC0EE0 /* DisplayLink.swift in Sources */,
				752B1D03201E4CFA00FBDA98 /* BaseFilter.swift in Sources */,
				752B1D15201E4CFA00FBDA98 /* Camera.swift in Sources */,
				752B1D0F201E4CFA00FBDA98 /* RenderView.swift in Sources */,
				752B1D17201E4CFA00FBDA98 /* Image.swift in Sources */,
				751A1474206D38420045B5D6 /* GrayscaleFilter.swift in Sources */,
				752B1D09201E4CFA00FBDA98 /* Protocols.swift in Sources */,
			);
			runOnlyForDeploymentPostprocessing = 0;
		};
/* End PBXSourcesBuildPhase section */

/* Begin PBXTargetDependency section */
		752B1CCD201E4B4C00FBDA98 /* PBXTargetDependency */ = {
			isa = PBXTargetDependency;
			target = 752B1CC0201E4B4C00FBDA98 /* MetalImage_macOS */;
			targetProxy = 752B1CCC201E4B4C00FBDA98 /* PBXContainerItemProxy */;
		};
/* End PBXTargetDependency section */

/* Begin XCBuildConfiguration section */
		752B1CD3201E4B4D00FBDA98 /* Debug */ = {
			isa = XCBuildConfiguration;
			buildSettings = {
				ALWAYS_SEARCH_USER_PATHS = NO;
				CLANG_ANALYZER_NONNULL = YES;
				CLANG_ANALYZER_NUMBER_OBJECT_CONVERSION = YES_AGGRESSIVE;
				CLANG_CXX_LANGUAGE_STANDARD = "gnu++14";
				CLANG_CXX_LIBRARY = "libc++";
				CLANG_ENABLE_MODULES = YES;
				CLANG_ENABLE_OBJC_ARC = YES;
				CLANG_WARN_BLOCK_CAPTURE_AUTORELEASING = YES;
				CLANG_WARN_BOOL_CONVERSION = YES;
				CLANG_WARN_COMMA = YES;
				CLANG_WARN_CONSTANT_CONVERSION = YES;
				CLANG_WARN_DIRECT_OBJC_ISA_USAGE = YES_ERROR;
				CLANG_WARN_DOCUMENTATION_COMMENTS = YES;
				CLANG_WARN_EMPTY_BODY = YES;
				CLANG_WARN_ENUM_CONVERSION = YES;
				CLANG_WARN_INFINITE_RECURSION = YES;
				CLANG_WARN_INT_CONVERSION = YES;
				CLANG_WARN_NON_LITERAL_NULL_CONVERSION = YES;
				CLANG_WARN_OBJC_LITERAL_CONVERSION = YES;
				CLANG_WARN_OBJC_ROOT_CLASS = YES_ERROR;
				CLANG_WARN_RANGE_LOOP_ANALYSIS = YES;
				CLANG_WARN_STRICT_PROTOTYPES = YES;
				CLANG_WARN_SUSPICIOUS_MOVE = YES;
				CLANG_WARN_UNGUARDED_AVAILABILITY = YES_AGGRESSIVE;
				CLANG_WARN_UNREACHABLE_CODE = YES;
				CLANG_WARN__DUPLICATE_METHOD_MATCH = YES;
				CODE_SIGN_IDENTITY = "Mac Developer";
				COPY_PHASE_STRIP = NO;
				CURRENT_PROJECT_VERSION = 1;
				DEBUG_INFORMATION_FORMAT = dwarf;
				ENABLE_STRICT_OBJC_MSGSEND = YES;
				ENABLE_TESTABILITY = YES;
				GCC_C_LANGUAGE_STANDARD = gnu11;
				GCC_DYNAMIC_NO_PIC = NO;
				GCC_NO_COMMON_BLOCKS = YES;
				GCC_OPTIMIZATION_LEVEL = 0;
				GCC_PREPROCESSOR_DEFINITIONS = (
					"DEBUG=1",
					"$(inherited)",
				);
				GCC_WARN_64_TO_32_BIT_CONVERSION = YES;
				GCC_WARN_ABOUT_RETURN_TYPE = YES_ERROR;
				GCC_WARN_UNDECLARED_SELECTOR = YES;
				GCC_WARN_UNINITIALIZED_AUTOS = YES_AGGRESSIVE;
				GCC_WARN_UNUSED_FUNCTION = YES;
				GCC_WARN_UNUSED_VARIABLE = YES;
				MACOSX_DEPLOYMENT_TARGET = 10.13;
				MTL_ENABLE_DEBUG_INFO = YES;
				ONLY_ACTIVE_ARCH = YES;
				SDKROOT = macosx;
				SWIFT_ACTIVE_COMPILATION_CONDITIONS = DEBUG;
				SWIFT_OPTIMIZATION_LEVEL = "-Onone";
				VERSIONING_SYSTEM = "apple-generic";
				VERSION_INFO_PREFIX = "";
			};
			name = Debug;
		};
		752B1CD4201E4B4D00FBDA98 /* Release */ = {
			isa = XCBuildConfiguration;
			buildSettings = {
				ALWAYS_SEARCH_USER_PATHS = NO;
				CLANG_ANALYZER_NONNULL = YES;
				CLANG_ANALYZER_NUMBER_OBJECT_CONVERSION = YES_AGGRESSIVE;
				CLANG_CXX_LANGUAGE_STANDARD = "gnu++14";
				CLANG_CXX_LIBRARY = "libc++";
				CLANG_ENABLE_MODULES = YES;
				CLANG_ENABLE_OBJC_ARC = YES;
				CLANG_WARN_BLOCK_CAPTURE_AUTORELEASING = YES;
				CLANG_WARN_BOOL_CONVERSION = YES;
				CLANG_WARN_COMMA = YES;
				CLANG_WARN_CONSTANT_CONVERSION = YES;
				CLANG_WARN_DIRECT_OBJC_ISA_USAGE = YES_ERROR;
				CLANG_WARN_DOCUMENTATION_COMMENTS = YES;
				CLANG_WARN_EMPTY_BODY = YES;
				CLANG_WARN_ENUM_CONVERSION = YES;
				CLANG_WARN_INFINITE_RECURSION = YES;
				CLANG_WARN_INT_CONVERSION = YES;
				CLANG_WARN_NON_LITERAL_NULL_CONVERSION = YES;
				CLANG_WARN_OBJC_LITERAL_CONVERSION = YES;
				CLANG_WARN_OBJC_ROOT_CLASS = YES_ERROR;
				CLANG_WARN_RANGE_LOOP_ANALYSIS = YES;
				CLANG_WARN_STRICT_PROTOTYPES = YES;
				CLANG_WARN_SUSPICIOUS_MOVE = YES;
				CLANG_WARN_UNGUARDED_AVAILABILITY = YES_AGGRESSIVE;
				CLANG_WARN_UNREACHABLE_CODE = YES;
				CLANG_WARN__DUPLICATE_METHOD_MATCH = YES;
				CODE_SIGN_IDENTITY = "Mac Developer";
				COPY_PHASE_STRIP = NO;
				CURRENT_PROJECT_VERSION = 1;
				DEBUG_INFORMATION_FORMAT = "dwarf-with-dsym";
				ENABLE_NS_ASSERTIONS = NO;
				ENABLE_STRICT_OBJC_MSGSEND = YES;
				GCC_C_LANGUAGE_STANDARD = gnu11;
				GCC_NO_COMMON_BLOCKS = YES;
				GCC_WARN_64_TO_32_BIT_CONVERSION = YES;
				GCC_WARN_ABOUT_RETURN_TYPE = YES_ERROR;
				GCC_WARN_UNDECLARED_SELECTOR = YES;
				GCC_WARN_UNINITIALIZED_AUTOS = YES_AGGRESSIVE;
				GCC_WARN_UNUSED_FUNCTION = YES;
				GCC_WARN_UNUSED_VARIABLE = YES;
				MACOSX_DEPLOYMENT_TARGET = 10.13;
				MTL_ENABLE_DEBUG_INFO = NO;
				SDKROOT = macosx;
				SWIFT_OPTIMIZATION_LEVEL = "-Owholemodule";
				VERSIONING_SYSTEM = "apple-generic";
				VERSION_INFO_PREFIX = "";
			};
			name = Release;
		};
		752B1CD6201E4B4D00FBDA98 /* Debug */ = {
			isa = XCBuildConfiguration;
			buildSettings = {
				CLANG_ENABLE_MODULES = YES;
				CODE_SIGN_IDENTITY = "";
				CODE_SIGN_STYLE = Automatic;
				COMBINE_HIDPI_IMAGES = YES;
				DEFINES_MODULE = YES;
				DEVELOPMENT_TEAM = SC5NQW88NN;
				DYLIB_COMPATIBILITY_VERSION = 1;
				DYLIB_CURRENT_VERSION = 1;
				DYLIB_INSTALL_NAME_BASE = "@rpath";
				FRAMEWORK_VERSION = A;
				INFOPLIST_FILE = MetalImage/Info.plist;
				INSTALL_PATH = "$(LOCAL_LIBRARY_DIR)/Frameworks";
				LD_RUNPATH_SEARCH_PATHS = "$(inherited) @executable_path/../Frameworks @loader_path/Frameworks";
				PRODUCT_BUNDLE_IDENTIFIER = com.andreisergiupitis.MetalImage;
				PRODUCT_NAME = MetalImage;
				SKIP_INSTALL = YES;
				SWIFT_OPTIMIZATION_LEVEL = "-Onone";
				SWIFT_VERSION = 4.0;
			};
			name = Debug;
		};
		752B1CD7201E4B4D00FBDA98 /* Release */ = {
			isa = XCBuildConfiguration;
			buildSettings = {
				CLANG_ENABLE_MODULES = YES;
				CODE_SIGN_IDENTITY = "";
				CODE_SIGN_STYLE = Automatic;
				COMBINE_HIDPI_IMAGES = YES;
				DEFINES_MODULE = YES;
				DEVELOPMENT_TEAM = SC5NQW88NN;
				DYLIB_COMPATIBILITY_VERSION = 1;
				DYLIB_CURRENT_VERSION = 1;
				DYLIB_INSTALL_NAME_BASE = "@rpath";
				FRAMEWORK_VERSION = A;
				INFOPLIST_FILE = MetalImage/Info.plist;
				INSTALL_PATH = "$(LOCAL_LIBRARY_DIR)/Frameworks";
				LD_RUNPATH_SEARCH_PATHS = "$(inherited) @executable_path/../Frameworks @loader_path/Frameworks";
				PRODUCT_BUNDLE_IDENTIFIER = com.andreisergiupitis.MetalImage;
				PRODUCT_NAME = MetalImage;
				SKIP_INSTALL = YES;
				SWIFT_VERSION = 4.0;
			};
			name = Release;
		};
		752B1CD9201E4B4D00FBDA98 /* Debug */ = {
			isa = XCBuildConfiguration;
			buildSettings = {
				ALWAYS_EMBED_SWIFT_STANDARD_LIBRARIES = YES;
				CODE_SIGN_STYLE = Automatic;
				COMBINE_HIDPI_IMAGES = YES;
				DEVELOPMENT_TEAM = SC5NQW88NN;
				INFOPLIST_FILE = MetalImageTests/Info.plist;
				LD_RUNPATH_SEARCH_PATHS = "$(inherited) @executable_path/../Frameworks @loader_path/../Frameworks";
				PRODUCT_BUNDLE_IDENTIFIER = com.andreisergiupitis.MetalImageTests;
				PRODUCT_NAME = "$(TARGET_NAME)";
				SWIFT_VERSION = 4.0;
			};
			name = Debug;
		};
		752B1CDA201E4B4D00FBDA98 /* Release */ = {
			isa = XCBuildConfiguration;
			buildSettings = {
				ALWAYS_EMBED_SWIFT_STANDARD_LIBRARIES = YES;
				CODE_SIGN_STYLE = Automatic;
				COMBINE_HIDPI_IMAGES = YES;
				DEVELOPMENT_TEAM = SC5NQW88NN;
				INFOPLIST_FILE = MetalImageTests/Info.plist;
				LD_RUNPATH_SEARCH_PATHS = "$(inherited) @executable_path/../Frameworks @loader_path/../Frameworks";
				PRODUCT_BUNDLE_IDENTIFIER = com.andreisergiupitis.MetalImageTests;
				PRODUCT_NAME = "$(TARGET_NAME)";
				SWIFT_VERSION = 4.0;
			};
			name = Release;
		};
		752B1CF2201E4B6600FBDA98 /* Debug */ = {
			isa = XCBuildConfiguration;
			buildSettings = {
				CLANG_ENABLE_MODULES = YES;
				CODE_SIGN_IDENTITY = "iPhone Developer";
				CODE_SIGN_STYLE = Automatic;
				DEFINES_MODULE = YES;
				DEVELOPMENT_TEAM = SC5NQW88NN;
				DYLIB_COMPATIBILITY_VERSION = 1;
				DYLIB_CURRENT_VERSION = 1;
				DYLIB_INSTALL_NAME_BASE = "@rpath";
				INFOPLIST_FILE = "$(SRCROOT)/MetalImage/Info.plist";
				INSTALL_PATH = "$(LOCAL_LIBRARY_DIR)/Frameworks";
				IPHONEOS_DEPLOYMENT_TARGET = 11.2;
				LD_RUNPATH_SEARCH_PATHS = "$(inherited) @executable_path/Frameworks @loader_path/Frameworks";
				PRODUCT_BUNDLE_IDENTIFIER = "com.andreisergiupitis.MetalImage-iOS";
				PRODUCT_NAME = MetalImage;
				SDKROOT = iphoneos;
				SKIP_INSTALL = YES;
				SWIFT_OPTIMIZATION_LEVEL = "-Onone";
				SWIFT_VERSION = 4.0;
				TARGETED_DEVICE_FAMILY = "1,2";
			};
			name = Debug;
		};
		752B1CF3201E4B6600FBDA98 /* Release */ = {
			isa = XCBuildConfiguration;
			buildSettings = {
				CLANG_ENABLE_MODULES = YES;
				CODE_SIGN_IDENTITY = "iPhone Developer";
				CODE_SIGN_STYLE = Automatic;
				DEFINES_MODULE = YES;
				DEVELOPMENT_TEAM = SC5NQW88NN;
				DYLIB_COMPATIBILITY_VERSION = 1;
				DYLIB_CURRENT_VERSION = 1;
				DYLIB_INSTALL_NAME_BASE = "@rpath";
				INFOPLIST_FILE = "$(SRCROOT)/MetalImage/Info.plist";
				INSTALL_PATH = "$(LOCAL_LIBRARY_DIR)/Frameworks";
				IPHONEOS_DEPLOYMENT_TARGET = 11.2;
				LD_RUNPATH_SEARCH_PATHS = "$(inherited) @executable_path/Frameworks @loader_path/Frameworks";
				PRODUCT_BUNDLE_IDENTIFIER = "com.andreisergiupitis.MetalImage-iOS";
				PRODUCT_NAME = MetalImage;
				SDKROOT = iphoneos;
				SKIP_INSTALL = YES;
				SWIFT_VERSION = 4.0;
				TARGETED_DEVICE_FAMILY = "1,2";
				VALIDATE_PRODUCT = YES;
			};
			name = Release;
		};
/* End XCBuildConfiguration section */

/* Begin XCConfigurationList section */
		752B1CBB201E4B4C00FBDA98 /* Build configuration list for PBXProject "MetalImage" */ = {
			isa = XCConfigurationList;
			buildConfigurations = (
				752B1CD3201E4B4D00FBDA98 /* Debug */,
				752B1CD4201E4B4D00FBDA98 /* Release */,
			);
			defaultConfigurationIsVisible = 0;
			defaultConfigurationName = Release;
		};
		752B1CD5201E4B4D00FBDA98 /* Build configuration list for PBXNativeTarget "MetalImage_macOS" */ = {
			isa = XCConfigurationList;
			buildConfigurations = (
				752B1CD6201E4B4D00FBDA98 /* Debug */,
				752B1CD7201E4B4D00FBDA98 /* Release */,
			);
			defaultConfigurationIsVisible = 0;
			defaultConfigurationName = Release;
		};
		752B1CD8201E4B4D00FBDA98 /* Build configuration list for PBXNativeTarget "MetalImageTests_macOS" */ = {
			isa = XCConfigurationList;
			buildConfigurations = (
				752B1CD9201E4B4D00FBDA98 /* Debug */,
				752B1CDA201E4B4D00FBDA98 /* Release */,
			);
			defaultConfigurationIsVisible = 0;
			defaultConfigurationName = Release;
		};
		752B1CF1201E4B6600FBDA98 /* Build configuration list for PBXNativeTarget "MetalImage_iOS" */ = {
			isa = XCConfigurationList;
			buildConfigurations = (
				752B1CF2201E4B6600FBDA98 /* Debug */,
				752B1CF3201E4B6600FBDA98 /* Release */,
			);
			defaultConfigurationIsVisible = 0;
			defaultConfigurationName = Release;
		};
/* End XCConfigurationList section */
	};
	rootObject = 752B1CB8201E4B4C00FBDA98 /* Project object */;
}
